
Microsoft Visual Studio Solution File, Format Version 12.00
# Visual Studio Version 17
VisualStudioVersion = 17.1.32328.378
MinimumVisualStudioVersion = 10.0.40219.1
Project("{FAE04EC0-301F-11D3-BF4B-00C04F79EFBC}") = "RSA_2", "RSA_2\RSA_2.csproj", "{18764198-30C8-4859-946E-8B83277D780E}"
EndProject
Global
	GlobalSection(SolutionConfigurationPlatforms) = preSolution
		Debug|Any CPU = Debug|Any CPU
		Release|Any CPU = Release|Any CPU
	EndGlobalSection
	GlobalSection(ProjectConfigurationPlatforms) = postSolution
		{18764198-30C8-4859-946E-8B83277D780E}.Debug|Any CPU.ActiveCfg = Debug|Any CPU
		{18764198-30C8-4859-946E-8B83277D780E}.Debug|Any CPU.Build.0 = Debug|Any CPU
		{18764198-30C8-4859-946E-8B83277D780E}.Release|Any CPU.ActiveCfg = Release|Any CPU
		{18764198-30C8-4859-946E-8B83277D780E}.Release|Any CPU.Build.0 = Release|Any CPU
	EndGlobalSection
	GlobalSection(SolutionProperties) = preSolution
		HideSolutionNode = FALSE
	EndGlobalSection
	GlobalSection(ExtensibilityGlobals) = postSolution
		SolutionGuid = {73255F22-3C84-4327-AA66-68F4AD1623A3}
	EndGlobalSection
EndGlobal
